
Microsoft Visual Studio Solution File, Format Version 12.00
# Visual Studio Version 17
VisualStudioVersion = 17.6.33815.320
MinimumVisualStudioVersion = 10.0.40219.1
Project("{FAE04EC0-301F-11D3-BF4B-00C04F79EFBC}") = "WindowsFormsApp10", "WindowsFormsApp10\WindowsFormsApp10.csproj", "{AD12D8BC-995D-4D73-8564-CA6AAEA0DCE6}"
EndProject
Global
	GlobalSection(SolutionConfigurationPlatforms) = preSolution
		Debug|Any CPU = Debug|Any CPU
		Release|Any CPU = Release|Any CPU
	EndGlobalSection
	GlobalSection(ProjectConfigurationPlatforms) = postSolution
		{AD12D8BC-995D-4D73-8564-CA6AAEA0DCE6}.Debug|Any CPU.ActiveCfg = Debug|Any CPU
		{AD12D8BC-995D-4D73-8564-CA6AAEA0DCE6}.Debug|Any CPU.Build.0 = Debug|Any CPU
		{AD12D8BC-995D-4D73-8564-CA6AAEA0DCE6}.Release|Any CPU.ActiveCfg = Release|Any CPU
		{AD12D8BC-995D-4D73-8564-CA6AAEA0DCE6}.Release|Any CPU.Build.0 = Release|Any CPU
	EndGlobalSection
	GlobalSection(SolutionProperties) = preSolution
		HideSolutionNode = FALSE
	EndGlobalSection
	GlobalSection(ExtensibilityGlobals) = postSolution
		SolutionGuid = {ADE3C4DD-4189-40EA-892B-8613C7AF38C9}
	EndGlobalSection
EndGlobal
